
Microsoft Visual Studio Solution File, Format Version 12.00
# Visual Studio Version 17
VisualStudioVersion = 17.12.35707.178 d17.12
MinimumVisualStudioVersion = 10.0.40219.1
Project("{FAE04EC0-301F-11D3-BF4B-00C04F79EFBC}") = "COMP003A.LectureActivity5-2.", "..\COMP003A.LectureActivity5-2\COMP003A.LectureActivity5-2\COMP003A.LectureActivity5-2..csproj", "{D35DA9C8-B355-4292-930C-D8D345B14EEC}"
EndProject
Global
	GlobalSection(SolutionConfigurationPlatforms) = preSolution
		Debug|Any CPU = Debug|Any CPU
		Release|Any CPU = Release|Any CPU
	EndGlobalSection
	GlobalSection(ProjectConfigurationPlatforms) = postSolution
		{D35DA9C8-B355-4292-930C-D8D345B14EEC}.Debug|Any CPU.ActiveCfg = Debug|Any CPU
		{D35DA9C8-B355-4292-930C-D8D345B14EEC}.Debug|Any CPU.Build.0 = Debug|Any CPU
		{D35DA9C8-B355-4292-930C-D8D345B14EEC}.Release|Any CPU.ActiveCfg = Release|Any CPU
		{D35DA9C8-B355-4292-930C-D8D345B14EEC}.Release|Any CPU.Build.0 = Release|Any CPU
	EndGlobalSection
	GlobalSection(SolutionProperties) = preSolution
		HideSolutionNode = FALSE
	EndGlobalSection
EndGlobal
